
Microsoft Visual Studio Solution File, Format Version 12.00
# Visual Studio Version 17
VisualStudioVersion = 17.1.32228.430
MinimumVisualStudioVersion = 10.0.40219.1
Project("{FAE04EC0-301F-11D3-BF4B-00C04F79EFBC}") = "PrimeraApp", "PrimeraApp\PrimeraApp.csproj", "{CAF9082A-D01E-4235-9398-D82215B3E414}"
EndProject
Global
	GlobalSection(SolutionConfigurationPlatforms) = preSolution
		Debug|Any CPU = Debug|Any CPU
		Release|Any CPU = Release|Any CPU
	EndGlobalSection
	GlobalSection(ProjectConfigurationPlatforms) = postSolution
		{CAF9082A-D01E-4235-9398-D82215B3E414}.Debug|Any CPU.ActiveCfg = Debug|Any CPU
		{CAF9082A-D01E-4235-9398-D82215B3E414}.Debug|Any CPU.Build.0 = Debug|Any CPU
		{CAF9082A-D01E-4235-9398-D82215B3E414}.Release|Any CPU.ActiveCfg = Release|Any CPU
		{CAF9082A-D01E-4235-9398-D82215B3E414}.Release|Any CPU.Build.0 = Release|Any CPU
	EndGlobalSection
	GlobalSection(SolutionProperties) = preSolution
		HideSolutionNode = FALSE
	EndGlobalSection
	GlobalSection(ExtensibilityGlobals) = postSolution
		SolutionGuid = {9A226336-8A06-490C-974C-8223F3D16CF4}
	EndGlobalSection
EndGlobal
