
Microsoft Visual Studio Solution File, Format Version 12.00
# Visual Studio Version 17
VisualStudioVersion = 17.0.32014.148
MinimumVisualStudioVersion = 10.0.40219.1
Project("{FAE04EC0-301F-11D3-BF4B-00C04F79EFBC}") = "MyBanck", "MyBanck\MyBanck.csproj", "{BA01B176-A6F0-4CAE-BC65-76CAAA72ABE5}"
EndProject
Global
	GlobalSection(SolutionConfigurationPlatforms) = preSolution
		Debug|Any CPU = Debug|Any CPU
		Release|Any CPU = Release|Any CPU
	EndGlobalSection
	GlobalSection(ProjectConfigurationPlatforms) = postSolution
		{BA01B176-A6F0-4CAE-BC65-76CAAA72ABE5}.Debug|Any CPU.ActiveCfg = Debug|Any CPU
		{BA01B176-A6F0-4CAE-BC65-76CAAA72ABE5}.Debug|Any CPU.Build.0 = Debug|Any CPU
		{BA01B176-A6F0-4CAE-BC65-76CAAA72ABE5}.Release|Any CPU.ActiveCfg = Release|Any CPU
		{BA01B176-A6F0-4CAE-BC65-76CAAA72ABE5}.Release|Any CPU.Build.0 = Release|Any CPU
	EndGlobalSection
	GlobalSection(SolutionProperties) = preSolution
		HideSolutionNode = FALSE
	EndGlobalSection
	GlobalSection(ExtensibilityGlobals) = postSolution
		SolutionGuid = {5B9F1989-69C3-49D9-9C56-9C2869C0C291}
	EndGlobalSection
EndGlobal
