
Microsoft Visual Studio Solution File, Format Version 12.00
# Visual Studio Version 17
VisualStudioVersion = 17.1.32421.90
MinimumVisualStudioVersion = 10.0.40219.1
Project("{2150E333-8FDC-42A3-9474-1A3956D46DE8}") = "Services", "Services", "{9914FB9F-6F8F-48E7-905D-A58300CDAD01}"
EndProject
Project("{2150E333-8FDC-42A3-9474-1A3956D46DE8}") = "DataStore", "DataStore", "{4AD634A3-1F62-4191-BC8E-32B6E5073721}"
EndProject
Project("{2150E333-8FDC-42A3-9474-1A3956D46DE8}") = "EntitiesModel", "EntitiesModel", "{C88787DD-DA4F-48AF-A5C6-B628BCACEF35}"
EndProject
Project("{2150E333-8FDC-42A3-9474-1A3956D46DE8}") = "Ui", "Ui", "{12C57B79-5B35-4CA6-BB35-1A38B1819CC9}"
EndProject
Project("{9A19103F-16F7-4668-BE54-9A1E7A4F7556}") = "DDJJDesktop", "DDJJDesktop\DDJJDesktop.csproj", "{9845580B-8D63-47D3-B550-1B1C6D4126F3}"
EndProject
Project("{9A19103F-16F7-4668-BE54-9A1E7A4F7556}") = "DDJJAdministrator.Entidades", "DDJJAdministrator.Entidades\DDJJAdministrator.Entidades.csproj", "{050030D6-A780-42B6-933D-E0A2F308BC25}"
EndProject
Project("{9A19103F-16F7-4668-BE54-9A1E7A4F7556}") = "DDJJAdministrator.DataStore", "DDJJAdministrator.DataStore\DDJJAdministrator.DataStore.csproj", "{30320C70-E741-4F94-8BE0-A4CAC67CA412}"
EndProject
Project("{FAE04EC0-301F-11D3-BF4B-00C04F79EFBC}") = "DDJJAdministrador.Services", "DDJJadministrador.Services\DDJJAdministrador.Services.csproj", "{70270FCF-0466-4637-9C0A-AEB6E3600CD6}"
EndProject
Global
	GlobalSection(SolutionConfigurationPlatforms) = preSolution
		Debug|Any CPU = Debug|Any CPU
		Release|Any CPU = Release|Any CPU
	EndGlobalSection
	GlobalSection(ProjectConfigurationPlatforms) = postSolution
		{9845580B-8D63-47D3-B550-1B1C6D4126F3}.Debug|Any CPU.ActiveCfg = Debug|Any CPU
		{9845580B-8D63-47D3-B550-1B1C6D4126F3}.Debug|Any CPU.Build.0 = Debug|Any CPU
		{9845580B-8D63-47D3-B550-1B1C6D4126F3}.Release|Any CPU.ActiveCfg = Release|Any CPU
		{9845580B-8D63-47D3-B550-1B1C6D4126F3}.Release|Any CPU.Build.0 = Release|Any CPU
		{050030D6-A780-42B6-933D-E0A2F308BC25}.Debug|Any CPU.ActiveCfg = Debug|Any CPU
		{050030D6-A780-42B6-933D-E0A2F308BC25}.Debug|Any CPU.Build.0 = Debug|Any CPU
		{050030D6-A780-42B6-933D-E0A2F308BC25}.Release|Any CPU.ActiveCfg = Release|Any CPU
		{050030D6-A780-42B6-933D-E0A2F308BC25}.Release|Any CPU.Build.0 = Release|Any CPU
		{30320C70-E741-4F94-8BE0-A4CAC67CA412}.Debug|Any CPU.ActiveCfg = Debug|Any CPU
		{30320C70-E741-4F94-8BE0-A4CAC67CA412}.Debug|Any CPU.Build.0 = Debug|Any CPU
		{30320C70-E741-4F94-8BE0-A4CAC67CA412}.Release|Any CPU.ActiveCfg = Release|Any CPU
		{30320C70-E741-4F94-8BE0-A4CAC67CA412}.Release|Any CPU.Build.0 = Release|Any CPU
		{70270FCF-0466-4637-9C0A-AEB6E3600CD6}.Debug|Any CPU.ActiveCfg = Debug|Any CPU
		{70270FCF-0466-4637-9C0A-AEB6E3600CD6}.Debug|Any CPU.Build.0 = Debug|Any CPU
		{70270FCF-0466-4637-9C0A-AEB6E3600CD6}.Release|Any CPU.ActiveCfg = Release|Any CPU
		{70270FCF-0466-4637-9C0A-AEB6E3600CD6}.Release|Any CPU.Build.0 = Release|Any CPU
	EndGlobalSection
	GlobalSection(SolutionProperties) = preSolution
		HideSolutionNode = FALSE
	EndGlobalSection
	GlobalSection(NestedProjects) = preSolution
		{9845580B-8D63-47D3-B550-1B1C6D4126F3} = {12C57B79-5B35-4CA6-BB35-1A38B1819CC9}
		{050030D6-A780-42B6-933D-E0A2F308BC25} = {C88787DD-DA4F-48AF-A5C6-B628BCACEF35}
		{30320C70-E741-4F94-8BE0-A4CAC67CA412} = {4AD634A3-1F62-4191-BC8E-32B6E5073721}
		{70270FCF-0466-4637-9C0A-AEB6E3600CD6} = {9914FB9F-6F8F-48E7-905D-A58300CDAD01}
	EndGlobalSection
	GlobalSection(ExtensibilityGlobals) = postSolution
		SolutionGuid = {CCFAA3FE-3B7E-4B53-97D6-113E3D48A0AA}
	EndGlobalSection
EndGlobal
